
Microsoft Visual Studio Solution File, Format Version 12.00
# Visual Studio Version 17
VisualStudioVersion = 17.3.32901.215
MinimumVisualStudioVersion = 10.0.40219.1
Project("{FAE04EC0-301F-11D3-BF4B-00C04F79EFBC}") = "SimplePages", "SimplePages\SimplePages.csproj", "{C604706C-7511-4FDE-95AE-E0CA2938B39C}"
EndProject
Global
	GlobalSection(SolutionConfigurationPlatforms) = preSolution
		Debug|Any CPU = Debug|Any CPU
		Release|Any CPU = Release|Any CPU
	EndGlobalSection
	GlobalSection(ProjectConfigurationPlatforms) = postSolution
		{C604706C-7511-4FDE-95AE-E0CA2938B39C}.Debug|Any CPU.ActiveCfg = Debug|Any CPU
		{C604706C-7511-4FDE-95AE-E0CA2938B39C}.Debug|Any CPU.Build.0 = Debug|Any CPU
		{C604706C-7511-4FDE-95AE-E0CA2938B39C}.Release|Any CPU.ActiveCfg = Release|Any CPU
		{C604706C-7511-4FDE-95AE-E0CA2938B39C}.Release|Any CPU.Build.0 = Release|Any CPU
	EndGlobalSection
	GlobalSection(SolutionProperties) = preSolution
		HideSolutionNode = FALSE
	EndGlobalSection
	GlobalSection(ExtensibilityGlobals) = postSolution
		SolutionGuid = {DDE659F4-F2F6-4D79-B6C8-17F0BD30F140}
	EndGlobalSection
EndGlobal
