
Microsoft Visual Studio Solution File, Format Version 12.00
# Visual Studio Version 17
VisualStudioVersion = 17.3.32901.215
MinimumVisualStudioVersion = 10.0.40219.1
Project("{9A19103F-16F7-4668-BE54-9A1E7A4F7556}") = "WebShopDemo", "WebShopDemo\WebShopDemo.csproj", "{FEB7725A-DDC9-4010-BFAC-C25D89F105D3}"
EndProject
Project("{9A19103F-16F7-4668-BE54-9A1E7A4F7556}") = "WebShopDemo.Core", "WebShopDemo.Core\WebShopDemo.Core.csproj", "{928672D4-2F47-438A-847F-32B97256AD09}"
EndProject
Project("{9A19103F-16F7-4668-BE54-9A1E7A4F7556}") = "WebShopDemo.API", "WebShopDemo.API\WebShopDemo.API.csproj", "{23152CD1-1319-43C7-89A6-81269590D38F}"
EndProject
Project("{9A19103F-16F7-4668-BE54-9A1E7A4F7556}") = "WebShopDemo.gRPC", "WebShopDemo.gRPC\WebShopDemo.gRPC.csproj", "{03101823-1310-416B-A67F-A5B789F9C700}"
EndProject
Global
	GlobalSection(SolutionConfigurationPlatforms) = preSolution
		Debug|Any CPU = Debug|Any CPU
		Release|Any CPU = Release|Any CPU
	EndGlobalSection
	GlobalSection(ProjectConfigurationPlatforms) = postSolution
		{FEB7725A-DDC9-4010-BFAC-C25D89F105D3}.Debug|Any CPU.ActiveCfg = Debug|Any CPU
		{FEB7725A-DDC9-4010-BFAC-C25D89F105D3}.Debug|Any CPU.Build.0 = Debug|Any CPU
		{FEB7725A-DDC9-4010-BFAC-C25D89F105D3}.Release|Any CPU.ActiveCfg = Release|Any CPU
		{FEB7725A-DDC9-4010-BFAC-C25D89F105D3}.Release|Any CPU.Build.0 = Release|Any CPU
		{928672D4-2F47-438A-847F-32B97256AD09}.Debug|Any CPU.ActiveCfg = Debug|Any CPU
		{928672D4-2F47-438A-847F-32B97256AD09}.Debug|Any CPU.Build.0 = Debug|Any CPU
		{928672D4-2F47-438A-847F-32B97256AD09}.Release|Any CPU.ActiveCfg = Release|Any CPU
		{928672D4-2F47-438A-847F-32B97256AD09}.Release|Any CPU.Build.0 = Release|Any CPU
		{23152CD1-1319-43C7-89A6-81269590D38F}.Debug|Any CPU.ActiveCfg = Debug|Any CPU
		{23152CD1-1319-43C7-89A6-81269590D38F}.Debug|Any CPU.Build.0 = Debug|Any CPU
		{23152CD1-1319-43C7-89A6-81269590D38F}.Release|Any CPU.ActiveCfg = Release|Any CPU
		{23152CD1-1319-43C7-89A6-81269590D38F}.Release|Any CPU.Build.0 = Release|Any CPU
		{03101823-1310-416B-A67F-A5B789F9C700}.Debug|Any CPU.ActiveCfg = Debug|Any CPU
		{03101823-1310-416B-A67F-A5B789F9C700}.Debug|Any CPU.Build.0 = Debug|Any CPU
		{03101823-1310-416B-A67F-A5B789F9C700}.Release|Any CPU.ActiveCfg = Release|Any CPU
		{03101823-1310-416B-A67F-A5B789F9C700}.Release|Any CPU.Build.0 = Release|Any CPU
	EndGlobalSection
	GlobalSection(SolutionProperties) = preSolution
		HideSolutionNode = FALSE
	EndGlobalSection
	GlobalSection(ExtensibilityGlobals) = postSolution
		SolutionGuid = {9C974D8B-457A-4F2F-933E-654E8D69F1E5}
	EndGlobalSection
EndGlobal
